
Microsoft Visual Studio Solution File, Format Version 12.00
# Visual Studio 2015
Project("{FAE04EC0-301F-11D3-BF4B-00C04F79EFBC}") = "ShaderTest", "ShaderTest.csproj", "{1A638E3B-4D78-63A9-AB0C-F0EA68241592}"
EndProject
Project("{FAE04EC0-301F-11D3-BF4B-00C04F79EFBC}") = "ShaderTest.Editor", "ShaderTest.Editor.csproj", "{76B36DF0-4108-A8E1-7A1E-F4B669066427}"
EndProject
Global
	GlobalSection(SolutionConfigurationPlatforms) = preSolution
		Debug|Any CPU = Debug|Any CPU
		Release|Any CPU = Release|Any CPU
	EndGlobalSection
	GlobalSection(ProjectConfigurationPlatforms) = postSolution
		{1A638E3B-4D78-63A9-AB0C-F0EA68241592}.Debug|Any CPU.ActiveCfg = Debug|Any CPU
		{1A638E3B-4D78-63A9-AB0C-F0EA68241592}.Debug|Any CPU.Build.0 = Debug|Any CPU
		{1A638E3B-4D78-63A9-AB0C-F0EA68241592}.Release|Any CPU.ActiveCfg = Release|Any CPU
		{1A638E3B-4D78-63A9-AB0C-F0EA68241592}.Release|Any CPU.Build.0 = Release|Any CPU
		{76B36DF0-4108-A8E1-7A1E-F4B669066427}.Debug|Any CPU.ActiveCfg = Debug|Any CPU
		{76B36DF0-4108-A8E1-7A1E-F4B669066427}.Debug|Any CPU.Build.0 = Debug|Any CPU
		{76B36DF0-4108-A8E1-7A1E-F4B669066427}.Release|Any CPU.ActiveCfg = Release|Any CPU
		{76B36DF0-4108-A8E1-7A1E-F4B669066427}.Release|Any CPU.Build.0 = Release|Any CPU
	EndGlobalSection
	GlobalSection(SolutionProperties) = preSolution
		HideSolutionNode = FALSE
	EndGlobalSection
EndGlobal
